
Microsoft Visual Studio Solution File, Format Version 12.00
# Visual Studio 2017
Project("{FAE04EC0-301F-11D3-BF4B-00C04F79EFBC}") = "Legion", "Legion.csproj", "{3D00F2FE-694A-48E1-9C23-F6F38BAAB492}"
EndProject
Global
	GlobalSection(SolutionConfigurationPlatforms) = preSolution
		Debug|Any CPU = Debug|Any CPU
		Release|Any CPU = Release|Any CPU
	EndGlobalSection
	GlobalSection(ProjectConfigurationPlatforms) = postSolution
		{3D00F2FE-694A-48E1-9C23-F6F38BAAB492}.Debug|Any CPU.ActiveCfg = Debug|Any CPU
		{3D00F2FE-694A-48E1-9C23-F6F38BAAB492}.Debug|Any CPU.Build.0 = Debug|Any CPU
		{3D00F2FE-694A-48E1-9C23-F6F38BAAB492}.Release|Any CPU.ActiveCfg = Release|Any CPU
		{3D00F2FE-694A-48E1-9C23-F6F38BAAB492}.Release|Any CPU.Build.0 = Release|Any CPU
	EndGlobalSection
EndGlobal
