Microsoft Visual Studio Solution File, Format Version 12.00
# Visual Studio 15
VisualStudioVersion = 15.0.28307.421
MinimumVisualStudioVersion = 10.0.40219.1
Project("{9A19103F-16F7-4668-BE54-9A1E7A4F7556}") = "Legion", "Legion\Legion.csproj", "{0F52C91F-B503-4234-8D6F-658B7245238B}"
EndProject
Project("{9A19103F-16F7-4668-BE54-9A1E7A4F7556}") = "Legion.Model", "Legion.Model\Legion.Model.csproj", "{104ED0AF-B2DC-4104-8107-C0FCF08CED76}"
EndProject
Project("{9A19103F-16F7-4668-BE54-9A1E7A4F7556}") = "Legion.Utils", "Legion.Utils\Legion.Utils.csproj", "{47C162AF-0294-4D96-83A9-139CFA62D405}"
EndProject
Project("{9A19103F-16F7-4668-BE54-9A1E7A4F7556}") = "Legion.Archive", "Legion.Archive\Legion.Archive.csproj", "{105306BE-44BD-41F9-B0A1-58A5C7629F1A}"
EndProject
Project("{9A19103F-16F7-4668-BE54-9A1E7A4F7556}") = "Gui", "Gui\Gui.csproj", "{9F7CE03D-7212-4CDE-A653-BF6CC196AA2A}"
EndProject
Project("{9A19103F-16F7-4668-BE54-9A1E7A4F7556}") = "Legion.Localization", "Legion.Localization\Legion.Localization.csproj", "{1166513C-AA89-4184-84C1-42AE8A6DB60E}"
EndProject
Global
	GlobalSection(SolutionConfigurationPlatforms) = preSolution
		Debug|Any CPU = Debug|Any CPU
		Debug|x64 = Debug|x64
		Debug|x86 = Debug|x86
		Release|Any CPU = Release|Any CPU
		Release|x64 = Release|x64
		Release|x86 = Release|x86
	EndGlobalSection
	GlobalSection(ProjectConfigurationPlatforms) = postSolution
		{0F52C91F-B503-4234-8D6F-658B7245238B}.Debug|Any CPU.ActiveCfg = Debug|Any CPU
		{0F52C91F-B503-4234-8D6F-658B7245238B}.Debug|Any CPU.Build.0 = Debug|Any CPU
		{0F52C91F-B503-4234-8D6F-658B7245238B}.Debug|x64.ActiveCfg = Debug|Any CPU
		{0F52C91F-B503-4234-8D6F-658B7245238B}.Debug|x64.Build.0 = Debug|Any CPU
		{0F52C91F-B503-4234-8D6F-658B7245238B}.Debug|x86.ActiveCfg = Debug|Any CPU
		{0F52C91F-B503-4234-8D6F-658B7245238B}.Debug|x86.Build.0 = Debug|Any CPU
		{0F52C91F-B503-4234-8D6F-658B7245238B}.Release|Any CPU.ActiveCfg = Release|Any CPU
		{0F52C91F-B503-4234-8D6F-658B7245238B}.Release|Any CPU.Build.0 = Release|Any CPU
		{0F52C91F-B503-4234-8D6F-658B7245238B}.Release|x64.ActiveCfg = Release|Any CPU
		{0F52C91F-B503-4234-8D6F-658B7245238B}.Release|x64.Build.0 = Release|Any CPU
		{0F52C91F-B503-4234-8D6F-658B7245238B}.Release|x86.ActiveCfg = Release|Any CPU
		{0F52C91F-B503-4234-8D6F-658B7245238B}.Release|x86.Build.0 = Release|Any CPU
		{104ED0AF-B2DC-4104-8107-C0FCF08CED76}.Debug|Any CPU.ActiveCfg = Debug|Any CPU
		{104ED0AF-B2DC-4104-8107-C0FCF08CED76}.Debug|Any CPU.Build.0 = Debug|Any CPU
		{104ED0AF-B2DC-4104-8107-C0FCF08CED76}.Debug|x64.ActiveCfg = Debug|Any CPU
		{104ED0AF-B2DC-4104-8107-C0FCF08CED76}.Debug|x64.Build.0 = Debug|Any CPU
		{104ED0AF-B2DC-4104-8107-C0FCF08CED76}.Debug|x86.ActiveCfg = Debug|Any CPU
		{104ED0AF-B2DC-4104-8107-C0FCF08CED76}.Debug|x86.Build.0 = Debug|Any CPU
		{104ED0AF-B2DC-4104-8107-C0FCF08CED76}.Release|Any CPU.ActiveCfg = Release|Any CPU
		{104ED0AF-B2DC-4104-8107-C0FCF08CED76}.Release|Any CPU.Build.0 = Release|Any CPU
		{104ED0AF-B2DC-4104-8107-C0FCF08CED76}.Release|x64.ActiveCfg = Release|Any CPU
		{104ED0AF-B2DC-4104-8107-C0FCF08CED76}.Release|x64.Build.0 = Release|Any CPU
		{104ED0AF-B2DC-4104-8107-C0FCF08CED76}.Release|x86.ActiveCfg = Release|Any CPU
		{104ED0AF-B2DC-4104-8107-C0FCF08CED76}.Release|x86.Build.0 = Release|Any CPU
		{47C162AF-0294-4D96-83A9-139CFA62D405}.Debug|Any CPU.ActiveCfg = Debug|Any CPU
		{47C162AF-0294-4D96-83A9-139CFA62D405}.Debug|Any CPU.Build.0 = Debug|Any CPU
		{47C162AF-0294-4D96-83A9-139CFA62D405}.Debug|x64.ActiveCfg = Debug|Any CPU
		{47C162AF-0294-4D96-83A9-139CFA62D405}.Debug|x64.Build.0 = Debug|Any CPU
		{47C162AF-0294-4D96-83A9-139CFA62D405}.Debug|x86.ActiveCfg = Debug|Any CPU
		{47C162AF-0294-4D96-83A9-139CFA62D405}.Debug|x86.Build.0 = Debug|Any CPU
		{47C162AF-0294-4D96-83A9-139CFA62D405}.Release|Any CPU.ActiveCfg = Release|Any CPU
		{47C162AF-0294-4D96-83A9-139CFA62D405}.Release|Any CPU.Build.0 = Release|Any CPU
		{47C162AF-0294-4D96-83A9-139CFA62D405}.Release|x64.ActiveCfg = Release|Any CPU
		{47C162AF-0294-4D96-83A9-139CFA62D405}.Release|x64.Build.0 = Release|Any CPU
		{47C162AF-0294-4D96-83A9-139CFA62D405}.Release|x86.ActiveCfg = Release|Any CPU
		{47C162AF-0294-4D96-83A9-139CFA62D405}.Release|x86.Build.0 = Release|Any CPU
		{105306BE-44BD-41F9-B0A1-58A5C7629F1A}.Debug|Any CPU.ActiveCfg = Debug|Any CPU
		{105306BE-44BD-41F9-B0A1-58A5C7629F1A}.Debug|Any CPU.Build.0 = Debug|Any CPU
		{105306BE-44BD-41F9-B0A1-58A5C7629F1A}.Debug|x64.ActiveCfg = Debug|Any CPU
		{105306BE-44BD-41F9-B0A1-58A5C7629F1A}.Debug|x64.Build.0 = Debug|Any CPU
		{105306BE-44BD-41F9-B0A1-58A5C7629F1A}.Debug|x86.ActiveCfg = Debug|Any CPU
		{105306BE-44BD-41F9-B0A1-58A5C7629F1A}.Debug|x86.Build.0 = Debug|Any CPU
		{105306BE-44BD-41F9-B0A1-58A5C7629F1A}.Release|Any CPU.ActiveCfg = Release|Any CPU
		{105306BE-44BD-41F9-B0A1-58A5C7629F1A}.Release|Any CPU.Build.0 = Release|Any CPU
		{105306BE-44BD-41F9-B0A1-58A5C7629F1A}.Release|x64.ActiveCfg = Release|Any CPU
		{105306BE-44BD-41F9-B0A1-58A5C7629F1A}.Release|x64.Build.0 = Release|Any CPU
		{105306BE-44BD-41F9-B0A1-58A5C7629F1A}.Release|x86.ActiveCfg = Release|Any CPU
		{105306BE-44BD-41F9-B0A1-58A5C7629F1A}.Release|x86.Build.0 = Release|Any CPU
		{9F7CE03D-7212-4CDE-A653-BF6CC196AA2A}.Debug|Any CPU.ActiveCfg = Debug|Any CPU
		{9F7CE03D-7212-4CDE-A653-BF6CC196AA2A}.Debug|Any CPU.Build.0 = Debug|Any CPU
		{9F7CE03D-7212-4CDE-A653-BF6CC196AA2A}.Debug|x64.ActiveCfg = Debug|Any CPU
		{9F7CE03D-7212-4CDE-A653-BF6CC196AA2A}.Debug|x64.Build.0 = Debug|Any CPU
		{9F7CE03D-7212-4CDE-A653-BF6CC196AA2A}.Debug|x86.ActiveCfg = Debug|Any CPU
		{9F7CE03D-7212-4CDE-A653-BF6CC196AA2A}.Debug|x86.Build.0 = Debug|Any CPU
		{9F7CE03D-7212-4CDE-A653-BF6CC196AA2A}.Release|Any CPU.ActiveCfg = Release|Any CPU
		{9F7CE03D-7212-4CDE-A653-BF6CC196AA2A}.Release|Any CPU.Build.0 = Release|Any CPU
		{9F7CE03D-7212-4CDE-A653-BF6CC196AA2A}.Release|x64.ActiveCfg = Release|Any CPU
		{9F7CE03D-7212-4CDE-A653-BF6CC196AA2A}.Release|x64.Build.0 = Release|Any CPU
		{9F7CE03D-7212-4CDE-A653-BF6CC196AA2A}.Release|x86.ActiveCfg = Release|Any CPU
		{9F7CE03D-7212-4CDE-A653-BF6CC196AA2A}.Release|x86.Build.0 = Release|Any CPU
		{1166513C-AA89-4184-84C1-42AE8A6DB60E}.Debug|Any CPU.ActiveCfg = Debug|Any CPU
		{1166513C-AA89-4184-84C1-42AE8A6DB60E}.Debug|Any CPU.Build.0 = Debug|Any CPU
		{1166513C-AA89-4184-84C1-42AE8A6DB60E}.Debug|x64.ActiveCfg = Debug|Any CPU
		{1166513C-AA89-4184-84C1-42AE8A6DB60E}.Debug|x64.Build.0 = Debug|Any CPU
		{1166513C-AA89-4184-84C1-42AE8A6DB60E}.Debug|x86.ActiveCfg = Debug|Any CPU
		{1166513C-AA89-4184-84C1-42AE8A6DB60E}.Debug|x86.Build.0 = Debug|Any CPU
		{1166513C-AA89-4184-84C1-42AE8A6DB60E}.Release|Any CPU.ActiveCfg = Release|Any CPU
		{1166513C-AA89-4184-84C1-42AE8A6DB60E}.Release|Any CPU.Build.0 = Release|Any CPU
		{1166513C-AA89-4184-84C1-42AE8A6DB60E}.Release|x64.ActiveCfg = Release|Any CPU
		{1166513C-AA89-4184-84C1-42AE8A6DB60E}.Release|x64.Build.0 = Release|Any CPU
		{1166513C-AA89-4184-84C1-42AE8A6DB60E}.Release|x86.ActiveCfg = Release|Any CPU
		{1166513C-AA89-4184-84C1-42AE8A6DB60E}.Release|x86.Build.0 = Release|Any CPU
	EndGlobalSection
	GlobalSection(SolutionProperties) = preSolution
		HideSolutionNode = FALSE
	EndGlobalSection
	GlobalSection(ExtensibilityGlobals) = postSolution
		SolutionGuid = {39DF8924-C64E-4FFE-ABAE-D3FBD2AAFADE}
	EndGlobalSection
EndGlobal
